// !$*UTF8*$!
{
	archiveVersion = 1;
	classes = {
	};
	objectVersion = 56;
	objects = {

/* Begin PBXBuildFile section */
		92837DA12BF44AE700485BA4 /* ThemePicker.swift in Sources */ = {isa = PBXBuildFile; fileRef = 92837DA02BF44AE700485BA4 /* ThemePicker.swift */; };
		92837DA32BF680C000485BA4 /* MeetingHeader.swift in Sources */ = {isa = PBXBuildFile; fileRef = 92837DA22BF680C000485BA4 /* MeetingHeader.swift */; };
		92837DA52BF6847C00485BA4 /* ScrumProgressViewStyle.swift in Sources */ = {isa = PBXBuildFile; fileRef = 92837DA42BF6847C00485BA4 /* ScrumProgressViewStyle.swift */; };
		92837DA72BF68AD300485BA4 /* ScrumTimer.swift in Sources */ = {isa = PBXBuildFile; fileRef = 92837DA62BF68AD300485BA4 /* ScrumTimer.swift */; };
		92837DA92BF7D5FE00485BA4 /* MeetingFooterView.swift in Sources */ = {isa = PBXBuildFile; fileRef = 92837DA82BF7D5FE00485BA4 /* MeetingFooterView.swift */; };
		92837DAB2BF81BE100485BA4 /* AVPlayer+Ding.swift in Sources */ = {isa = PBXBuildFile; fileRef = 92837DAA2BF81BE100485BA4 /* AVPlayer+Ding.swift */; };
		92837DAE2BF81C5500485BA4 /* ding.wav in Resources */ = {isa = PBXBuildFile; fileRef = 92837DAD2BF81C5500485BA4 /* ding.wav */; };
		92837DB02BF81F9400485BA4 /* NewScrumSheet.swift in Sources */ = {isa = PBXBuildFile; fileRef = 92837DAF2BF81F9400485BA4 /* NewScrumSheet.swift */; };
		92837DB22BF82E8E00485BA4 /* History.swift in Sources */ = {isa = PBXBuildFile; fileRef = 92837DB12BF82E8E00485BA4 /* History.swift */; };
		92837DB42BF8F89A00485BA4 /* ScrumStore.swift in Sources */ = {isa = PBXBuildFile; fileRef = 92837DB32BF8F89A00485BA4 /* ScrumStore.swift */; };
		9296F3562BF2E47900A65155 /* DetailEditView.swift in Sources */ = {isa = PBXBuildFile; fileRef = 9296F3552BF2E47900A65155 /* DetailEditView.swift */; };
		929CC1202BF101F4009AD741 /* MeetingView.swift in Sources */ = {isa = PBXBuildFile; fileRef = 929CC11F2BF101F4009AD741 /* MeetingView.swift */; };
		929CC1222BF101F6009AD741 /* Assets.xcassets in Resources */ = {isa = PBXBuildFile; fileRef = 929CC1212BF101F6009AD741 /* Assets.xcassets */; };
		929CC1252BF101F6009AD741 /* Preview Assets.xcassets in Resources */ = {isa = PBXBuildFile; fileRef = 929CC1242BF101F6009AD741 /* Preview Assets.xcassets */; };
		929CC12F2BF101F6009AD741 /* Hello_WorldTests.swift in Sources */ = {isa = PBXBuildFile; fileRef = 929CC12E2BF101F6009AD741 /* Hello_WorldTests.swift */; };
		929CC1392BF101F6009AD741 /* Hello_WorldUITests.swift in Sources */ = {isa = PBXBuildFile; fileRef = 929CC1382BF101F6009AD741 /* Hello_WorldUITests.swift */; };
		929CC13B2BF101F6009AD741 /* Hello_WorldUITestsLaunchTests.swift in Sources */ = {isa = PBXBuildFile; fileRef = 929CC13A2BF101F6009AD741 /* Hello_WorldUITestsLaunchTests.swift */; };
		929CC1492BF10EE1009AD741 /* Theme.swift in Sources */ = {isa = PBXBuildFile; fileRef = 929CC1482BF10EE1009AD741 /* Theme.swift */; };
		929CC14B2BF11056009AD741 /* DailyScrum.swift in Sources */ = {isa = PBXBuildFile; fileRef = 929CC14A2BF11056009AD741 /* DailyScrum.swift */; };
		929CC1512BF1180B009AD741 /* CardView.swift in Sources */ = {isa = PBXBuildFile; fileRef = 929CC1502BF1180B009AD741 /* CardView.swift */; };
		929CC1532BF119F5009AD741 /* TrailingIconLabelStyle.swift in Sources */ = {isa = PBXBuildFile; fileRef = 929CC1522BF119F5009AD741 /* TrailingIconLabelStyle.swift */; };
		929CC1562BF11E4B009AD741 /* ScrumsView.swift in Sources */ = {isa = PBXBuildFile; fileRef = 929CC1552BF11E4B009AD741 /* ScrumsView.swift */; };
		929CC1582BF1208D009AD741 /* ScrumdingerApp.swift in Sources */ = {isa = PBXBuildFile; fileRef = 929CC1572BF1208D009AD741 /* ScrumdingerApp.swift */; };
		929CC15A2BF1245E009AD741 /* DetailView.swift in Sources */ = {isa = PBXBuildFile; fileRef = 929CC1592BF1245E009AD741 /* DetailView.swift */; };
		92D9E2A32BF43F9E005D0C9A /* ThemeView.swift in Sources */ = {isa = PBXBuildFile; fileRef = 92D9E2A22BF43F9E005D0C9A /* ThemeView.swift */; };
/* End PBXBuildFile section */

/* Begin PBXContainerItemProxy section */
		929CC12B2BF101F6009AD741 /* PBXContainerItemProxy */ = {
			isa = PBXContainerItemProxy;
			containerPortal = 929CC1122BF101F3009AD741 /* Project object */;
			proxyType = 1;
			remoteGlobalIDString = 929CC1192BF101F3009AD741;
			remoteInfo = Hello_World;
		};
		929CC1352BF101F6009AD741 /* PBXContainerItemProxy */ = {
			isa = PBXContainerItemProxy;
			containerPortal = 929CC1122BF101F3009AD741 /* Project object */;
			proxyType = 1;
			remoteGlobalIDString = 929CC1192BF101F3009AD741;
			remoteInfo = Hello_World;
		};
/* End PBXContainerItemProxy section */

/* Begin PBXFileReference section */
		92837DA02BF44AE700485BA4 /* ThemePicker.swift */ = {isa = PBXFileReference; lastKnownFileType = sourcecode.swift; path = ThemePicker.swift; sourceTree = "<group>"; };
		92837DA22BF680C000485BA4 /* MeetingHeader.swift */ = {isa = PBXFileReference; lastKnownFileType = sourcecode.swift; path = MeetingHeader.swift; sourceTree = "<group>"; };
		92837DA42BF6847C00485BA4 /* ScrumProgressViewStyle.swift */ = {isa = PBXFileReference; lastKnownFileType = sourcecode.swift; path = ScrumProgressViewStyle.swift; sourceTree = "<group>"; };
		92837DA62BF68AD300485BA4 /* ScrumTimer.swift */ = {isa = PBXFileReference; lastKnownFileType = sourcecode.swift; path = ScrumTimer.swift; sourceTree = "<group>"; };
		92837DA82BF7D5FE00485BA4 /* MeetingFooterView.swift */ = {isa = PBXFileReference; lastKnownFileType = sourcecode.swift; path = MeetingFooterView.swift; sourceTree = "<group>"; };
		92837DAA2BF81BE100485BA4 /* AVPlayer+Ding.swift */ = {isa = PBXFileReference; lastKnownFileType = sourcecode.swift; path = "AVPlayer+Ding.swift"; sourceTree = "<group>"; };
		92837DAD2BF81C5500485BA4 /* ding.wav */ = {isa = PBXFileReference; lastKnownFileType = audio.wav; path = ding.wav; sourceTree = "<group>"; };
		92837DAF2BF81F9400485BA4 /* NewScrumSheet.swift */ = {isa = PBXFileReference; lastKnownFileType = sourcecode.swift; path = NewScrumSheet.swift; sourceTree = "<group>"; };
		92837DB12BF82E8E00485BA4 /* History.swift */ = {isa = PBXFileReference; lastKnownFileType = sourcecode.swift; path = History.swift; sourceTree = "<group>"; };
		92837DB32BF8F89A00485BA4 /* ScrumStore.swift */ = {isa = PBXFileReference; lastKnownFileType = sourcecode.swift; path = ScrumStore.swift; sourceTree = "<group>"; };
		9296F3552BF2E47900A65155 /* DetailEditView.swift */ = {isa = PBXFileReference; lastKnownFileType = sourcecode.swift; path = DetailEditView.swift; sourceTree = "<group>"; };
		929CC11A2BF101F4009AD741 /* scrumdinger.app */ = {isa = PBXFileReference; explicitFileType = wrapper.application; includeInIndex = 0; path = scrumdinger.app; sourceTree = BUILT_PRODUCTS_DIR; };
		929CC11F2BF101F4009AD741 /* MeetingView.swift */ = {isa = PBXFileReference; lastKnownFileType = sourcecode.swift; path = MeetingView.swift; sourceTree = "<group>"; };
		929CC1212BF101F6009AD741 /* Assets.xcassets */ = {isa = PBXFileReference; lastKnownFileType = folder.assetcatalog; path = Assets.xcassets; sourceTree = "<group>"; };
		929CC1242BF101F6009AD741 /* Preview Assets.xcassets */ = {isa = PBXFileReference; lastKnownFileType = folder.assetcatalog; path = "Preview Assets.xcassets"; sourceTree = "<group>"; };
		929CC12A2BF101F6009AD741 /* scrumdingerTests.xctest */ = {isa = PBXFileReference; explicitFileType = wrapper.cfbundle; includeInIndex = 0; path = scrumdingerTests.xctest; sourceTree = BUILT_PRODUCTS_DIR; };
		929CC12E2BF101F6009AD741 /* Hello_WorldTests.swift */ = {isa = PBXFileReference; lastKnownFileType = sourcecode.swift; path = Hello_WorldTests.swift; sourceTree = "<group>"; };
		929CC1342BF101F6009AD741 /* scrumdingerUITests.xctest */ = {isa = PBXFileReference; explicitFileType = wrapper.cfbundle; includeInIndex = 0; path = scrumdingerUITests.xctest; sourceTree = BUILT_PRODUCTS_DIR; };
		929CC1382BF101F6009AD741 /* Hello_WorldUITests.swift */ = {isa = PBXFileReference; lastKnownFileType = sourcecode.swift; path = Hello_WorldUITests.swift; sourceTree = "<group>"; };
		929CC13A2BF101F6009AD741 /* Hello_WorldUITestsLaunchTests.swift */ = {isa = PBXFileReference; lastKnownFileType = sourcecode.swift; path = Hello_WorldUITestsLaunchTests.swift; sourceTree = "<group>"; };
		929CC1482BF10EE1009AD741 /* Theme.swift */ = {isa = PBXFileReference; lastKnownFileType = sourcecode.swift; path = Theme.swift; sourceTree = "<group>"; };
		929CC14A2BF11056009AD741 /* DailyScrum.swift */ = {isa = PBXFileReference; lastKnownFileType = sourcecode.swift; path = DailyScrum.swift; sourceTree = "<group>"; };
		929CC1502BF1180B009AD741 /* CardView.swift */ = {isa = PBXFileReference; lastKnownFileType = sourcecode.swift; path = CardView.swift; sourceTree = "<group>"; };
		929CC1522BF119F5009AD741 /* TrailingIconLabelStyle.swift */ = {isa = PBXFileReference; lastKnownFileType = sourcecode.swift; path = TrailingIconLabelStyle.swift; sourceTree = "<group>"; };
		929CC1552BF11E4B009AD741 /* ScrumsView.swift */ = {isa = PBXFileReference; lastKnownFileType = sourcecode.swift; path = ScrumsView.swift; sourceTree = "<group>"; };
		929CC1572BF1208D009AD741 /* ScrumdingerApp.swift */ = {isa = PBXFileReference; lastKnownFileType = sourcecode.swift; path = ScrumdingerApp.swift; sourceTree = "<group>"; };
		929CC1592BF1245E009AD741 /* DetailView.swift */ = {isa = PBXFileReference; lastKnownFileType = sourcecode.swift; path = DetailView.swift; sourceTree = "<group>"; };
		92D9E2A22BF43F9E005D0C9A /* ThemeView.swift */ = {isa = PBXFileReference; lastKnownFileType = sourcecode.swift; path = ThemeView.swift; sourceTree = "<group>"; };
/* End PBXFileReference section */

/* Begin PBXFrameworksBuildPhase section */
		929CC1172BF101F3009AD741 /* Frameworks */ = {
			isa = PBXFrameworksBuildPhase;
			buildActionMask = 2147483647;
			files = (
			);
			runOnlyForDeploymentPostprocessing = 0;
		};
		929CC1272BF101F6009AD741 /* Frameworks */ = {
			isa = PBXFrameworksBuildPhase;
			buildActionMask = 2147483647;
			files = (
			);
			runOnlyForDeploymentPostprocessing = 0;
		};
		929CC1312BF101F6009AD741 /* Frameworks */ = {
			isa = PBXFrameworksBuildPhase;
			buildActionMask = 2147483647;
			files = (
			);
			runOnlyForDeploymentPostprocessing = 0;
		};
/* End PBXFrameworksBuildPhase section */

/* Begin PBXGroup section */
		92837DAC2BF81C4200485BA4 /* Resources */ = {
			isa = PBXGroup;
			children = (
				92837DAD2BF81C5500485BA4 /* ding.wav */,
			);
			path = Resources;
			sourceTree = "<group>";
		};
		929CC1112BF101F3009AD741 = {
			isa = PBXGroup;
			children = (
				929CC11C2BF101F4009AD741 /* scrumdinger */,
				929CC12D2BF101F6009AD741 /* scrumdinger_Tests */,
				929CC1372BF101F6009AD741 /* scrumdinger_UITests */,
				929CC11B2BF101F4009AD741 /* Products */,
			);
			sourceTree = "<group>";
		};
		929CC11B2BF101F4009AD741 /* Products */ = {
			isa = PBXGroup;
			children = (
				929CC11A2BF101F4009AD741 /* scrumdinger.app */,
				929CC12A2BF101F6009AD741 /* scrumdingerTests.xctest */,
				929CC1342BF101F6009AD741 /* scrumdingerUITests.xctest */,
			);
			name = Products;
			sourceTree = "<group>";
		};
		929CC11C2BF101F4009AD741 /* scrumdinger */ = {
			isa = PBXGroup;
			children = (
				92837DAC2BF81C4200485BA4 /* Resources */,
				929CC1232BF101F6009AD741 /* Preview Content */,
				92D9E2A42BF44031005D0C9A /* Views */,
				929CC1472BF10ECF009AD741 /* Models */,
				929CC1212BF101F6009AD741 /* Assets.xcassets */,
				929CC1572BF1208D009AD741 /* ScrumdingerApp.swift */,
			);
			path = scrumdinger;
			sourceTree = "<group>";
		};
		929CC1232BF101F6009AD741 /* Preview Content */ = {
			isa = PBXGroup;
			children = (
				929CC1242BF101F6009AD741 /* Preview Assets.xcassets */,
			);
			path = "Preview Content";
			sourceTree = "<group>";
		};
		929CC12D2BF101F6009AD741 /* scrumdinger_Tests */ = {
			isa = PBXGroup;
			children = (
				929CC12E2BF101F6009AD741 /* Hello_WorldTests.swift */,
			);
			path = scrumdinger_Tests;
			sourceTree = "<group>";
		};
		929CC1372BF101F6009AD741 /* scrumdinger_UITests */ = {
			isa = PBXGroup;
			children = (
				929CC1382BF101F6009AD741 /* Hello_WorldUITests.swift */,
				929CC13A2BF101F6009AD741 /* Hello_WorldUITestsLaunchTests.swift */,
			);
			path = scrumdinger_UITests;
			sourceTree = "<group>";
		};
		929CC1472BF10ECF009AD741 /* Models */ = {
			isa = PBXGroup;
			children = (
				929CC1482BF10EE1009AD741 /* Theme.swift */,
				929CC14A2BF11056009AD741 /* DailyScrum.swift */,
				929CC1522BF119F5009AD741 /* TrailingIconLabelStyle.swift */,
				92837DA42BF6847C00485BA4 /* ScrumProgressViewStyle.swift */,
				92837DA62BF68AD300485BA4 /* ScrumTimer.swift */,
				92837DAA2BF81BE100485BA4 /* AVPlayer+Ding.swift */,
				92837DB12BF82E8E00485BA4 /* History.swift */,
				92837DB32BF8F89A00485BA4 /* ScrumStore.swift */,
			);
			path = Models;
			sourceTree = "<group>";
		};
		92D9E2A42BF44031005D0C9A /* Views */ = {
			isa = PBXGroup;
			children = (
				92D9E2A22BF43F9E005D0C9A /* ThemeView.swift */,
				9296F3552BF2E47900A65155 /* DetailEditView.swift */,
				929CC1592BF1245E009AD741 /* DetailView.swift */,
				929CC1552BF11E4B009AD741 /* ScrumsView.swift */,
				929CC11F2BF101F4009AD741 /* MeetingView.swift */,
				929CC1502BF1180B009AD741 /* CardView.swift */,
				92837DA02BF44AE700485BA4 /* ThemePicker.swift */,
				92837DA22BF680C000485BA4 /* MeetingHeader.swift */,
				92837DA82BF7D5FE00485BA4 /* MeetingFooterView.swift */,
				92837DAF2BF81F9400485BA4 /* NewScrumSheet.swift */,
			);
			path = Views;
			sourceTree = "<group>";
		};
/* End PBXGroup section */

/* Begin PBXNativeTarget section */
		929CC1192BF101F3009AD741 /* scrumdinger */ = {
			isa = PBXNativeTarget;
			buildConfigurationList = 929CC13E2BF101F6009AD741 /* Build configuration list for PBXNativeTarget "scrumdinger" */;
			buildPhases = (
				929CC1162BF101F3009AD741 /* Sources */,
				929CC1172BF101F3009AD741 /* Frameworks */,
				929CC1182BF101F3009AD741 /* Resources */,
			);
			buildRules = (
			);
			dependencies = (
			);
			name = scrumdinger;
			productName = Hello_World;
			productReference = 929CC11A2BF101F4009AD741 /* scrumdinger.app */;
			productType = "com.apple.product-type.application";
		};
		929CC1292BF101F6009AD741 /* scrumdingerTests */ = {
			isa = PBXNativeTarget;
			buildConfigurationList = 929CC1412BF101F6009AD741 /* Build configuration list for PBXNativeTarget "scrumdingerTests" */;
			buildPhases = (
				929CC1262BF101F6009AD741 /* Sources */,
				929CC1272BF101F6009AD741 /* Frameworks */,
				929CC1282BF101F6009AD741 /* Resources */,
			);
			buildRules = (
			);
			dependencies = (
				929CC12C2BF101F6009AD741 /* PBXTargetDependency */,
			);
			name = scrumdingerTests;
			productName = Hello_WorldTests;
			productReference = 929CC12A2BF101F6009AD741 /* scrumdingerTests.xctest */;
			productType = "com.apple.product-type.bundle.unit-test";
		};
		929CC1332BF101F6009AD741 /* scrumdingerUITests */ = {
			isa = PBXNativeTarget;
			buildConfigurationList = 929CC1442BF101F6009AD741 /* Build configuration list for PBXNativeTarget "scrumdingerUITests" */;
			buildPhases = (
				929CC1302BF101F6009AD741 /* Sources */,
				929CC1312BF101F6009AD741 /* Frameworks */,
				929CC1322BF101F6009AD741 /* Resources */,
			);
			buildRules = (
			);
			dependencies = (
				929CC1362BF101F6009AD741 /* PBXTargetDependency */,
			);
			name = scrumdingerUITests;
			productName = Hello_WorldUITests;
			productReference = 929CC1342BF101F6009AD741 /* scrumdingerUITests.xctest */;
			productType = "com.apple.product-type.bundle.ui-testing";
		};
/* End PBXNativeTarget section */

/* Begin PBXProject section */
		929CC1122BF101F3009AD741 /* Project object */ = {
			isa = PBXProject;
			attributes = {
				BuildIndependentTargetsInParallel = 1;
				LastSwiftUpdateCheck = 1530;
				LastUpgradeCheck = 1530;
				TargetAttributes = {
					929CC1192BF101F3009AD741 = {
						CreatedOnToolsVersion = 15.3;
					};
					929CC1292BF101F6009AD741 = {
						CreatedOnToolsVersion = 15.3;
						TestTargetID = 929CC1192BF101F3009AD741;
					};
					929CC1332BF101F6009AD741 = {
						CreatedOnToolsVersion = 15.3;
						TestTargetID = 929CC1192BF101F3009AD741;
					};
				};
			};
			buildConfigurationList = 929CC1152BF101F3009AD741 /* Build configuration list for PBXProject "scrumdinger" */;
			compatibilityVersion = "Xcode 14.0";
			developmentRegion = en;
			hasScannedForEncodings = 0;
			knownRegions = (
				en,
				Base,
			);
			mainGroup = 929CC1112BF101F3009AD741;
			productRefGroup = 929CC11B2BF101F4009AD741 /* Products */;
			projectDirPath = "";
			projectRoot = "";
			targets = (
				929CC1192BF101F3009AD741 /* scrumdinger */,
				929CC1292BF101F6009AD741 /* scrumdingerTests */,
				929CC1332BF101F6009AD741 /* scrumdingerUITests */,
			);
		};
/* End PBXProject section */

/* Begin PBXResourcesBuildPhase section */
		929CC1182BF101F3009AD741 /* Resources */ = {
			isa = PBXResourcesBuildPhase;
			buildActionMask = 2147483647;
			files = (
				92837DAE2BF81C5500485BA4 /* ding.wav in Resources */,
				929CC1252BF101F6009AD741 /* Preview Assets.xcassets in Resources */,
				929CC1222BF101F6009AD741 /* Assets.xcassets in Resources */,
			);
			runOnlyForDeploymentPostprocessing = 0;
		};
		929CC1282BF101F6009AD741 /* Resources */ = {
			isa = PBXResourcesBuildPhase;
			buildActionMask = 2147483647;
			files = (
			);
			runOnlyForDeploymentPostprocessing = 0;
		};
		929CC1322BF101F6009AD741 /* Resources */ = {
			isa = PBXResourcesBuildPhase;
			buildActionMask = 2147483647;
			files = (
			);
			runOnlyForDeploymentPostprocessing = 0;
		};
/* End PBXResourcesBuildPhase section */

/* Begin PBXSourcesBuildPhase section */
		929CC1162BF101F3009AD741 /* Sources */ = {
			isa = PBXSourcesBuildPhase;
			buildActionMask = 2147483647;
			files = (
				92837DB22BF82E8E00485BA4 /* History.swift in Sources */,
				92837DA32BF680C000485BA4 /* MeetingHeader.swift in Sources */,
				92837DA52BF6847C00485BA4 /* ScrumProgressViewStyle.swift in Sources */,
				92837DA92BF7D5FE00485BA4 /* MeetingFooterView.swift in Sources */,
				92837DA72BF68AD300485BA4 /* ScrumTimer.swift in Sources */,
				92837DA12BF44AE700485BA4 /* ThemePicker.swift in Sources */,
				92837DB42BF8F89A00485BA4 /* ScrumStore.swift in Sources */,
				929CC14B2BF11056009AD741 /* DailyScrum.swift in Sources */,
				929CC15A2BF1245E009AD741 /* DetailView.swift in Sources */,
				9296F3562BF2E47900A65155 /* DetailEditView.swift in Sources */,
				92837DB02BF81F9400485BA4 /* NewScrumSheet.swift in Sources */,
				929CC1532BF119F5009AD741 /* TrailingIconLabelStyle.swift in Sources */,
				929CC1582BF1208D009AD741 /* ScrumdingerApp.swift in Sources */,
				929CC1492BF10EE1009AD741 /* Theme.swift in Sources */,
				929CC1562BF11E4B009AD741 /* ScrumsView.swift in Sources */,
				929CC1202BF101F4009AD741 /* MeetingView.swift in Sources */,
				92D9E2A32BF43F9E005D0C9A /* ThemeView.swift in Sources */,
				929CC1512BF1180B009AD741 /* CardView.swift in Sources */,
				92837DAB2BF81BE100485BA4 /* AVPlayer+Ding.swift in Sources */,
			);
			runOnlyForDeploymentPostprocessing = 0;
		};
		929CC1262BF101F6009AD741 /* Sources */ = {
			isa = PBXSourcesBuildPhase;
			buildActionMask = 2147483647;
			files = (
				929CC12F2BF101F6009AD741 /* Hello_WorldTests.swift in Sources */,
			);
			runOnlyForDeploymentPostprocessing = 0;
		};
		929CC1302BF101F6009AD741 /* Sources */ = {
			isa = PBXSourcesBuildPhase;
			buildActionMask = 2147483647;
			files = (
				929CC13B2BF101F6009AD741 /* Hello_WorldUITestsLaunchTests.swift in Sources */,
				929CC1392BF101F6009AD741 /* Hello_WorldUITests.swift in Sources */,
			);
			runOnlyForDeploymentPostprocessing = 0;
		};
/* End PBXSourcesBuildPhase section */

/* Begin PBXTargetDependency section */
		929CC12C2BF101F6009AD741 /* PBXTargetDependency */ = {
			isa = PBXTargetDependency;
			target = 929CC1192BF101F3009AD741 /* scrumdinger */;
			targetProxy = 929CC12B2BF101F6009AD741 /* PBXContainerItemProxy */;
		};
		929CC1362BF101F6009AD741 /* PBXTargetDependency */ = {
			isa = PBXTargetDependency;
			target = 929CC1192BF101F3009AD741 /* scrumdinger */;
			targetProxy = 929CC1352BF101F6009AD741 /* PBXContainerItemProxy */;
		};
/* End PBXTargetDependency section */

/* Begin XCBuildConfiguration section */
		929CC13C2BF101F6009AD741 /* Debug */ = {
			isa = XCBuildConfiguration;
			buildSettings = {
				ALWAYS_SEARCH_USER_PATHS = NO;
				ASSETCATALOG_COMPILER_GENERATE_SWIFT_ASSET_SYMBOL_EXTENSIONS = YES;
				CLANG_ANALYZER_NONNULL = YES;
				CLANG_ANALYZER_NUMBER_OBJECT_CONVERSION = YES_AGGRESSIVE;
				CLANG_CXX_LANGUAGE_STANDARD = "gnu++20";
				CLANG_ENABLE_MODULES = YES;
				CLANG_ENABLE_OBJC_ARC = YES;
				CLANG_ENABLE_OBJC_WEAK = YES;
				CLANG_WARN_BLOCK_CAPTURE_AUTORELEASING = YES;
				CLANG_WARN_BOOL_CONVERSION = YES;
				CLANG_WARN_COMMA = YES;
				CLANG_WARN_CONSTANT_CONVERSION = YES;
				CLANG_WARN_DEPRECATED_OBJC_IMPLEMENTATIONS = YES;
				CLANG_WARN_DIRECT_OBJC_ISA_USAGE = YES_ERROR;
				CLANG_WARN_DOCUMENTATION_COMMENTS = YES;
				CLANG_WARN_EMPTY_BODY = YES;
				CLANG_WARN_ENUM_CONVERSION = YES;
				CLANG_WARN_INFINITE_RECURSION = YES;
				CLANG_WARN_INT_CONVERSION = YES;
				CLANG_WARN_NON_LITERAL_NULL_CONVERSION = YES;
				CLANG_WARN_OBJC_IMPLICIT_RETAIN_SELF = YES;
				CLANG_WARN_OBJC_LITERAL_CONVERSION = YES;
				CLANG_WARN_OBJC_ROOT_CLASS = YES_ERROR;
				CLANG_WARN_QUOTED_INCLUDE_IN_FRAMEWORK_HEADER = YES;
				CLANG_WARN_RANGE_LOOP_ANALYSIS = YES;
				CLANG_WARN_STRICT_PROTOTYPES = YES;
				CLANG_WARN_SUSPICIOUS_MOVE = YES;
				CLANG_WARN_UNGUARDED_AVAILABILITY = YES_AGGRESSIVE;
				CLANG_WARN_UNREACHABLE_CODE = YES;
				CLANG_WARN__DUPLICATE_METHOD_MATCH = YES;
				COPY_PHASE_STRIP = NO;
				DEBUG_INFORMATION_FORMAT = dwarf;
				ENABLE_STRICT_OBJC_MSGSEND = YES;
				ENABLE_TESTABILITY = YES;
				ENABLE_USER_SCRIPT_SANDBOXING = YES;
				GCC_C_LANGUAGE_STANDARD = gnu17;
				GCC_DYNAMIC_NO_PIC = NO;
				GCC_NO_COMMON_BLOCKS = YES;
				GCC_OPTIMIZATION_LEVEL = 0;
				GCC_PREPROCESSOR_DEFINITIONS = (
					"DEBUG=1",
					"$(inherited)",
				);
				GCC_WARN_64_TO_32_BIT_CONVERSION = YES;
				GCC_WARN_ABOUT_RETURN_TYPE = YES_ERROR;
				GCC_WARN_UNDECLARED_SELECTOR = YES;
				GCC_WARN_UNINITIALIZED_AUTOS = YES_AGGRESSIVE;
				GCC_WARN_UNUSED_FUNCTION = YES;
				GCC_WARN_UNUSED_VARIABLE = YES;
				IPHONEOS_DEPLOYMENT_TARGET = 17.4;
				LOCALIZATION_PREFERS_STRING_CATALOGS = YES;
				MTL_ENABLE_DEBUG_INFO = INCLUDE_SOURCE;
				MTL_FAST_MATH = YES;
				ONLY_ACTIVE_ARCH = YES;
				SDKROOT = iphoneos;
				SWIFT_ACTIVE_COMPILATION_CONDITIONS = "DEBUG $(inherited)";
				SWIFT_OPTIMIZATION_LEVEL = "-Onone";
			};
			name = Debug;
		};
		929CC13D2BF101F6009AD741 /* Release */ = {
			isa = XCBuildConfiguration;
			buildSettings = {
				ALWAYS_SEARCH_USER_PATHS = NO;
				ASSETCATALOG_COMPILER_GENERATE_SWIFT_ASSET_SYMBOL_EXTENSIONS = YES;
				CLANG_ANALYZER_NONNULL = YES;
				CLANG_ANALYZER_NUMBER_OBJECT_CONVERSION = YES_AGGRESSIVE;
				CLANG_CXX_LANGUAGE_STANDARD = "gnu++20";
				CLANG_ENABLE_MODULES = YES;
				CLANG_ENABLE_OBJC_ARC = YES;
				CLANG_ENABLE_OBJC_WEAK = YES;
				CLANG_WARN_BLOCK_CAPTURE_AUTORELEASING = YES;
				CLANG_WARN_BOOL_CONVERSION = YES;
				CLANG_WARN_COMMA = YES;
				CLANG_WARN_CONSTANT_CONVERSION = YES;
				CLANG_WARN_DEPRECATED_OBJC_IMPLEMENTATIONS = YES;
				CLANG_WARN_DIRECT_OBJC_ISA_USAGE = YES_ERROR;
				CLANG_WARN_DOCUMENTATION_COMMENTS = YES;
				CLANG_WARN_EMPTY_BODY = YES;
				CLANG_WARN_ENUM_CONVERSION = YES;
				CLANG_WARN_INFINITE_RECURSION = YES;
				CLANG_WARN_INT_CONVERSION = YES;
				CLANG_WARN_NON_LITERAL_NULL_CONVERSION = YES;
				CLANG_WARN_OBJC_IMPLICIT_RETAIN_SELF = YES;
				CLANG_WARN_OBJC_LITERAL_CONVERSION = YES;
				CLANG_WARN_OBJC_ROOT_CLASS = YES_ERROR;
				CLANG_WARN_QUOTED_INCLUDE_IN_FRAMEWORK_HEADER = YES;
				CLANG_WARN_RANGE_LOOP_ANALYSIS = YES;
				CLANG_WARN_STRICT_PROTOTYPES = YES;
				CLANG_WARN_SUSPICIOUS_MOVE = YES;
				CLANG_WARN_UNGUARDED_AVAILABILITY = YES_AGGRESSIVE;
				CLANG_WARN_UNREACHABLE_CODE = YES;
				CLANG_WARN__DUPLICATE_METHOD_MATCH = YES;
				COPY_PHASE_STRIP = NO;
				DEBUG_INFORMATION_FORMAT = "dwarf-with-dsym";
				ENABLE_NS_ASSERTIONS = NO;
				ENABLE_STRICT_OBJC_MSGSEND = YES;
				ENABLE_USER_SCRIPT_SANDBOXING = YES;
				GCC_C_LANGUAGE_STANDARD = gnu17;
				GCC_NO_COMMON_BLOCKS = YES;
				GCC_WARN_64_TO_32_BIT_CONVERSION = YES;
				GCC_WARN_ABOUT_RETURN_TYPE = YES_ERROR;
				GCC_WARN_UNDECLARED_SELECTOR = YES;
				GCC_WARN_UNINITIALIZED_AUTOS = YES_AGGRESSIVE;
				GCC_WARN_UNUSED_FUNCTION = YES;
				GCC_WARN_UNUSED_VARIABLE = YES;
				IPHONEOS_DEPLOYMENT_TARGET = 17.4;
				LOCALIZATION_PREFERS_STRING_CATALOGS = YES;
				MTL_ENABLE_DEBUG_INFO = NO;
				MTL_FAST_MATH = YES;
				SDKROOT = iphoneos;
				SWIFT_COMPILATION_MODE = wholemodule;
				VALIDATE_PRODUCT = YES;
			};
			name = Release;
		};
		929CC13F2BF101F6009AD741 /* Debug */ = {
			isa = XCBuildConfiguration;
			buildSettings = {
				ASSETCATALOG_COMPILER_APPICON_NAME = AppIcon;
				ASSETCATALOG_COMPILER_GLOBAL_ACCENT_COLOR_NAME = AccentColor;
				CODE_SIGN_STYLE = Automatic;
				CURRENT_PROJECT_VERSION = 1;
				DEVELOPMENT_ASSET_PATHS = "";
				ENABLE_PREVIEWS = YES;
				GENERATE_INFOPLIST_FILE = YES;
				INFOPLIST_KEY_UIApplicationSceneManifest_Generation = YES;
				INFOPLIST_KEY_UIApplicationSupportsIndirectInputEvents = YES;
				INFOPLIST_KEY_UILaunchScreen_Generation = YES;
				INFOPLIST_KEY_UISupportedInterfaceOrientations_iPad = "UIInterfaceOrientationPortrait UIInterfaceOrientationPortraitUpsideDown UIInterfaceOrientationLandscapeLeft UIInterfaceOrientationLandscapeRight";
				INFOPLIST_KEY_UISupportedInterfaceOrientations_iPhone = "UIInterfaceOrientationPortrait UIInterfaceOrientationLandscapeLeft UIInterfaceOrientationLandscapeRight";
				LD_RUNPATH_SEARCH_PATHS = (
					"$(inherited)",
					"@executable_path/Frameworks",
				);
				MARKETING_VERSION = 1.0;
				PRODUCT_BUNDLE_IDENTIFIER = "Calum.Hello-World";
				PRODUCT_NAME = "$(TARGET_NAME)";
				SWIFT_EMIT_LOC_STRINGS = YES;
				SWIFT_VERSION = 5.0;
				TARGETED_DEVICE_FAMILY = "1,2";
			};
			name = Debug;
		};
		929CC1402BF101F6009AD741 /* Release */ = {
			isa = XCBuildConfiguration;
			buildSettings = {
				ASSETCATALOG_COMPILER_APPICON_NAME = AppIcon;
				ASSETCATALOG_COMPILER_GLOBAL_ACCENT_COLOR_NAME = AccentColor;
				CODE_SIGN_STYLE = Automatic;
				CURRENT_PROJECT_VERSION = 1;
				DEVELOPMENT_ASSET_PATHS = "";
				ENABLE_PREVIEWS = YES;
				GENERATE_INFOPLIST_FILE = YES;
				INFOPLIST_KEY_UIApplicationSceneManifest_Generation = YES;
				INFOPLIST_KEY_UIApplicationSupportsIndirectInputEvents = YES;
				INFOPLIST_KEY_UILaunchScreen_Generation = YES;
				INFOPLIST_KEY_UISupportedInterfaceOrientations_iPad = "UIInterfaceOrientationPortrait UIInterfaceOrientationPortraitUpsideDown UIInterfaceOrientationLandscapeLeft UIInterfaceOrientationLandscapeRight";
				INFOPLIST_KEY_UISupportedInterfaceOrientations_iPhone = "UIInterfaceOrientationPortrait UIInterfaceOrientationLandscapeLeft UIInterfaceOrientationLandscapeRight";
				LD_RUNPATH_SEARCH_PATHS = (
					"$(inherited)",
					"@executable_path/Frameworks",
				);
				MARKETING_VERSION = 1.0;
				PRODUCT_BUNDLE_IDENTIFIER = "Calum.Hello-World";
				PRODUCT_NAME = "$(TARGET_NAME)";
				SWIFT_EMIT_LOC_STRINGS = YES;
				SWIFT_VERSION = 5.0;
				TARGETED_DEVICE_FAMILY = "1,2";
			};
			name = Release;
		};
		929CC1422BF101F6009AD741 /* Debug */ = {
			isa = XCBuildConfiguration;
			buildSettings = {
				ALWAYS_EMBED_SWIFT_STANDARD_LIBRARIES = YES;
				BUNDLE_LOADER = "$(TEST_HOST)";
				CODE_SIGN_STYLE = Automatic;
				CURRENT_PROJECT_VERSION = 1;
				GENERATE_INFOPLIST_FILE = YES;
				IPHONEOS_DEPLOYMENT_TARGET = 17.4;
				MARKETING_VERSION = 1.0;
				PRODUCT_BUNDLE_IDENTIFIER = "Calum.Hello-WorldTests";
				PRODUCT_NAME = "$(TARGET_NAME)";
				SWIFT_EMIT_LOC_STRINGS = NO;
				SWIFT_VERSION = 5.0;
				TARGETED_DEVICE_FAMILY = "1,2";
				TEST_HOST = "$(BUILT_PRODUCTS_DIR)/scrumdinger.app/$(BUNDLE_EXECUTABLE_FOLDER_PATH)/scrumdinger";
			};
			name = Debug;
		};
		929CC1432BF101F6009AD741 /* Release */ = {
			isa = XCBuildConfiguration;
			buildSettings = {
				ALWAYS_EMBED_SWIFT_STANDARD_LIBRARIES = YES;
				BUNDLE_LOADER = "$(TEST_HOST)";
				CODE_SIGN_STYLE = Automatic;
				CURRENT_PROJECT_VERSION = 1;
				GENERATE_INFOPLIST_FILE = YES;
				IPHONEOS_DEPLOYMENT_TARGET = 17.4;
				MARKETING_VERSION = 1.0;
				PRODUCT_BUNDLE_IDENTIFIER = "Calum.Hello-WorldTests";
				PRODUCT_NAME = "$(TARGET_NAME)";
				SWIFT_EMIT_LOC_STRINGS = NO;
				SWIFT_VERSION = 5.0;
				TARGETED_DEVICE_FAMILY = "1,2";
				TEST_HOST = "$(BUILT_PRODUCTS_DIR)/scrumdinger.app/$(BUNDLE_EXECUTABLE_FOLDER_PATH)/scrumdinger";
			};
			name = Release;
		};
		929CC1452BF101F6009AD741 /* Debug */ = {
			isa = XCBuildConfiguration;
			buildSettings = {
				ALWAYS_EMBED_SWIFT_STANDARD_LIBRARIES = YES;
				CODE_SIGN_STYLE = Automatic;
				CURRENT_PROJECT_VERSION = 1;
				GENERATE_INFOPLIST_FILE = YES;
				MARKETING_VERSION = 1.0;
				PRODUCT_BUNDLE_IDENTIFIER = "Calum.Hello-WorldUITests";
				PRODUCT_NAME = "$(TARGET_NAME)";
				SWIFT_EMIT_LOC_STRINGS = NO;
				SWIFT_VERSION = 5.0;
				TARGETED_DEVICE_FAMILY = "1,2";
				TEST_TARGET_NAME = Hello_World;
			};
			name = Debug;
		};
		929CC1462BF101F6009AD741 /* Release */ = {
			isa = XCBuildConfiguration;
			buildSettings = {
				ALWAYS_EMBED_SWIFT_STANDARD_LIBRARIES = YES;
				CODE_SIGN_STYLE = Automatic;
				CURRENT_PROJECT_VERSION = 1;
				GENERATE_INFOPLIST_FILE = YES;
				MARKETING_VERSION = 1.0;
				PRODUCT_BUNDLE_IDENTIFIER = "Calum.Hello-WorldUITests";
				PRODUCT_NAME = "$(TARGET_NAME)";
				SWIFT_EMIT_LOC_STRINGS = NO;
				SWIFT_VERSION = 5.0;
				TARGETED_DEVICE_FAMILY = "1,2";
				TEST_TARGET_NAME = Hello_World;
			};
			name = Release;
		};
/* End XCBuildConfiguration section */

/* Begin XCConfigurationList section */
		929CC1152BF101F3009AD741 /* Build configuration list for PBXProject "scrumdinger" */ = {
			isa = XCConfigurationList;
			buildConfigurations = (
				929CC13C2BF101F6009AD741 /* Debug */,
				929CC13D2BF101F6009AD741 /* Release */,
			);
			defaultConfigurationIsVisible = 0;
			defaultConfigurationName = Release;
		};
		929CC13E2BF101F6009AD741 /* Build configuration list for PBXNativeTarget "scrumdinger" */ = {
			isa = XCConfigurationList;
			buildConfigurations = (
				929CC13F2BF101F6009AD741 /* Debug */,
				929CC1402BF101F6009AD741 /* Release */,
			);
			defaultConfigurationIsVisible = 0;
			defaultConfigurationName = Release;
		};
		929CC1412BF101F6009AD741 /* Build configuration list for PBXNativeTarget "scrumdingerTests" */ = {
			isa = XCConfigurationList;
			buildConfigurations = (
				929CC1422BF101F6009AD741 /* Debug */,
				929CC1432BF101F6009AD741 /* Release */,
			);
			defaultConfigurationIsVisible = 0;
			defaultConfigurationName = Release;
		};
		929CC1442BF101F6009AD741 /* Build configuration list for PBXNativeTarget "scrumdingerUITests" */ = {
			isa = XCConfigurationList;
			buildConfigurations = (
				929CC1452BF101F6009AD741 /* Debug */,
				929CC1462BF101F6009AD741 /* Release */,
			);
			defaultConfigurationIsVisible = 0;
			defaultConfigurationName = Release;
		};
/* End XCConfigurationList section */
	};
	rootObject = 929CC1122BF101F3009AD741 /* Project object */;
}
